
Microsoft Visual Studio Solution File, Format Version 12.00
# Visual Studio Version 17
VisualStudioVersion = 17.6.33801.468
MinimumVisualStudioVersion = 10.0.40219.1
Project("{8BC9CEB8-8B4A-11D0-8D11-00A0C91BC942}") = "Project_Car", "Project_Car.vcxproj", "{CE83D5F5-47C5-44D7-9677-1BCEFFDCD245}"
EndProject
Global
	GlobalSection(SolutionConfigurationPlatforms) = preSolution
		Debug|x64 = Debug|x64
		Debug|x86 = Debug|x86
		Release|x64 = Release|x64
		Release|x86 = Release|x86
	EndGlobalSection
	GlobalSection(ProjectConfigurationPlatforms) = postSolution
		{CE83D5F5-47C5-44D7-9677-1BCEFFDCD245}.Debug|x64.ActiveCfg = Debug|x64
		{CE83D5F5-47C5-44D7-9677-1BCEFFDCD245}.Debug|x64.Build.0 = Debug|x64
		{CE83D5F5-47C5-44D7-9677-1BCEFFDCD245}.Debug|x86.ActiveCfg = Debug|Win32
		{CE83D5F5-47C5-44D7-9677-1BCEFFDCD245}.Debug|x86.Build.0 = Debug|Win32
		{CE83D5F5-47C5-44D7-9677-1BCEFFDCD245}.Release|x64.ActiveCfg = Release|x64
		{CE83D5F5-47C5-44D7-9677-1BCEFFDCD245}.Release|x64.Build.0 = Release|x64
		{CE83D5F5-47C5-44D7-9677-1BCEFFDCD245}.Release|x86.ActiveCfg = Release|Win32
		{CE83D5F5-47C5-44D7-9677-1BCEFFDCD245}.Release|x86.Build.0 = Release|Win32
	EndGlobalSection
	GlobalSection(SolutionProperties) = preSolution
		HideSolutionNode = FALSE
	EndGlobalSection
	GlobalSection(ExtensibilityGlobals) = postSolution
		SolutionGuid = {674275DD-F6A2-4AD2-A7FC-3893EEDF9D0C}
	EndGlobalSection
EndGlobal
